
Microsoft Visual Studio Solution File, Format Version 12.00
# Visual Studio Version 16
VisualStudioVersion = 16.0.29709.97
MinimumVisualStudioVersion = 10.0.40219.1
Project("{FAE04EC0-301F-11D3-BF4B-00C04F79EFBC}") = "Encapsulation", "Encapsulation\Encapsulation.csproj", "{385993A5-BD9F-41AD-B1B9-CA284F79510D}"
EndProject
Global
	GlobalSection(SolutionConfigurationPlatforms) = preSolution
		Debug|Any CPU = Debug|Any CPU
		Release|Any CPU = Release|Any CPU
	EndGlobalSection
	GlobalSection(ProjectConfigurationPlatforms) = postSolution
		{385993A5-BD9F-41AD-B1B9-CA284F79510D}.Debug|Any CPU.ActiveCfg = Debug|Any CPU
		{385993A5-BD9F-41AD-B1B9-CA284F79510D}.Debug|Any CPU.Build.0 = Debug|Any CPU
		{385993A5-BD9F-41AD-B1B9-CA284F79510D}.Release|Any CPU.ActiveCfg = Release|Any CPU
		{385993A5-BD9F-41AD-B1B9-CA284F79510D}.Release|Any CPU.Build.0 = Release|Any CPU
	EndGlobalSection
	GlobalSection(SolutionProperties) = preSolution
		HideSolutionNode = FALSE
	EndGlobalSection
	GlobalSection(ExtensibilityGlobals) = postSolution
		SolutionGuid = {4C700597-973F-4771-803F-099C6EAAA3DE}
	EndGlobalSection
EndGlobal
